
Microsoft Visual Studio Solution File, Format Version 11.00
# Visual Studio 2010
Project("{FAE04EC0-301F-11D3-BF4B-00C04F79EFBC}") = "ClubManager", "ClubManager\ClubManager.csproj", "{19439F8E-6E33-4494-BB4A-A8FE7FFD22C8}"
EndProject
Project("{2150E333-8FDC-42A3-9474-1A3956D46DE8}") = "App", "App", "{DF831668-2B48-42C8-8FBC-4EBE7995A51D}"
EndProject
Project("{2150E333-8FDC-42A3-9474-1A3956D46DE8}") = "Core", "Core", "{42253E36-A5CF-40DC-BDF2-7688746DACC5}"
EndProject
Project("{2150E333-8FDC-42A3-9474-1A3956D46DE8}") = "Data", "Data", "{5EAB8570-FC12-4166-9FC4-2718E73B4FE1}"
EndProject
Project("{2150E333-8FDC-42A3-9474-1A3956D46DE8}") = "Model", "Model", "{3D26BC7F-7DAE-42A8-8663-450004D494A2}"
EndProject
Project("{2150E333-8FDC-42A3-9474-1A3956D46DE8}") = "Reference", "Reference", "{7BDA8423-17A1-45EF-98F8-6F4769E3C93E}"
	ProjectSection(SolutionItems) = preProject
		Reference\MongoDB.Bson.dll = Reference\MongoDB.Bson.dll
		Reference\MongoDB.Driver.dll = Reference\MongoDB.Driver.dll
	EndProjectSection
EndProject
Project("{FAE04EC0-301F-11D3-BF4B-00C04F79EFBC}") = "ClubManager.Model", "ClubManager.Model\ClubManager.Model.csproj", "{4C6F894E-CFDA-46B8-B14C-4E87252CC3D4}"
EndProject
Project("{FAE04EC0-301F-11D3-BF4B-00C04F79EFBC}") = "Core.Configuration", "Core.Configuration\Core.Configuration.csproj", "{C73AAA10-064A-4C72-A2D9-6CF1F0EB035A}"
EndProject
Project("{FAE04EC0-301F-11D3-BF4B-00C04F79EFBC}") = "Core.Data", "Core.Data\Core.Data.csproj", "{C4CD1C4F-9E7D-4DE6-BD97-EDAADEB16334}"
EndProject
Project("{FAE04EC0-301F-11D3-BF4B-00C04F79EFBC}") = "Core", "Core\Core.csproj", "{19CCD2BA-6C1F-4C01-951F-5F5B955A2490}"
EndProject
Project("{FAE04EC0-301F-11D3-BF4B-00C04F79EFBC}") = "Core.Data.Mongo", "Core.Data.Mongo\Core.Data.Mongo.csproj", "{EF11AAB8-A592-413A-8F2D-385587359B0B}"
EndProject
Global
	GlobalSection(SolutionConfigurationPlatforms) = preSolution
		Debug|Any CPU = Debug|Any CPU
		Debug|Mixed Platforms = Debug|Mixed Platforms
		Debug|x86 = Debug|x86
		Release|Any CPU = Release|Any CPU
		Release|Mixed Platforms = Release|Mixed Platforms
		Release|x86 = Release|x86
	EndGlobalSection
	GlobalSection(ProjectConfigurationPlatforms) = postSolution
		{19439F8E-6E33-4494-BB4A-A8FE7FFD22C8}.Debug|Any CPU.ActiveCfg = Debug|x86
		{19439F8E-6E33-4494-BB4A-A8FE7FFD22C8}.Debug|Mixed Platforms.ActiveCfg = Debug|x86
		{19439F8E-6E33-4494-BB4A-A8FE7FFD22C8}.Debug|Mixed Platforms.Build.0 = Debug|x86
		{19439F8E-6E33-4494-BB4A-A8FE7FFD22C8}.Debug|x86.ActiveCfg = Debug|x86
		{19439F8E-6E33-4494-BB4A-A8FE7FFD22C8}.Debug|x86.Build.0 = Debug|x86
		{19439F8E-6E33-4494-BB4A-A8FE7FFD22C8}.Release|Any CPU.ActiveCfg = Release|x86
		{19439F8E-6E33-4494-BB4A-A8FE7FFD22C8}.Release|Mixed Platforms.ActiveCfg = Release|x86
		{19439F8E-6E33-4494-BB4A-A8FE7FFD22C8}.Release|Mixed Platforms.Build.0 = Release|x86
		{19439F8E-6E33-4494-BB4A-A8FE7FFD22C8}.Release|x86.ActiveCfg = Release|x86
		{19439F8E-6E33-4494-BB4A-A8FE7FFD22C8}.Release|x86.Build.0 = Release|x86
		{4C6F894E-CFDA-46B8-B14C-4E87252CC3D4}.Debug|Any CPU.ActiveCfg = Debug|Any CPU
		{4C6F894E-CFDA-46B8-B14C-4E87252CC3D4}.Debug|Any CPU.Build.0 = Debug|Any CPU
		{4C6F894E-CFDA-46B8-B14C-4E87252CC3D4}.Debug|Mixed Platforms.ActiveCfg = Debug|Any CPU
		{4C6F894E-CFDA-46B8-B14C-4E87252CC3D4}.Debug|Mixed Platforms.Build.0 = Debug|Any CPU
		{4C6F894E-CFDA-46B8-B14C-4E87252CC3D4}.Debug|x86.ActiveCfg = Debug|Any CPU
		{4C6F894E-CFDA-46B8-B14C-4E87252CC3D4}.Release|Any CPU.ActiveCfg = Release|Any CPU
		{4C6F894E-CFDA-46B8-B14C-4E87252CC3D4}.Release|Any CPU.Build.0 = Release|Any CPU
		{4C6F894E-CFDA-46B8-B14C-4E87252CC3D4}.Release|Mixed Platforms.ActiveCfg = Release|Any CPU
		{4C6F894E-CFDA-46B8-B14C-4E87252CC3D4}.Release|Mixed Platforms.Build.0 = Release|Any CPU
		{4C6F894E-CFDA-46B8-B14C-4E87252CC3D4}.Release|x86.ActiveCfg = Release|Any CPU
		{C73AAA10-064A-4C72-A2D9-6CF1F0EB035A}.Debug|Any CPU.ActiveCfg = Debug|Any CPU
		{C73AAA10-064A-4C72-A2D9-6CF1F0EB035A}.Debug|Any CPU.Build.0 = Debug|Any CPU
		{C73AAA10-064A-4C72-A2D9-6CF1F0EB035A}.Debug|Mixed Platforms.ActiveCfg = Debug|Any CPU
		{C73AAA10-064A-4C72-A2D9-6CF1F0EB035A}.Debug|Mixed Platforms.Build.0 = Debug|Any CPU
		{C73AAA10-064A-4C72-A2D9-6CF1F0EB035A}.Debug|x86.ActiveCfg = Debug|Any CPU
		{C73AAA10-064A-4C72-A2D9-6CF1F0EB035A}.Release|Any CPU.ActiveCfg = Release|Any CPU
		{C73AAA10-064A-4C72-A2D9-6CF1F0EB035A}.Release|Any CPU.Build.0 = Release|Any CPU
		{C73AAA10-064A-4C72-A2D9-6CF1F0EB035A}.Release|Mixed Platforms.ActiveCfg = Release|Any CPU
		{C73AAA10-064A-4C72-A2D9-6CF1F0EB035A}.Release|Mixed Platforms.Build.0 = Release|Any CPU
		{C73AAA10-064A-4C72-A2D9-6CF1F0EB035A}.Release|x86.ActiveCfg = Release|Any CPU
		{C4CD1C4F-9E7D-4DE6-BD97-EDAADEB16334}.Debug|Any CPU.ActiveCfg = Debug|Any CPU
		{C4CD1C4F-9E7D-4DE6-BD97-EDAADEB16334}.Debug|Any CPU.Build.0 = Debug|Any CPU
		{C4CD1C4F-9E7D-4DE6-BD97-EDAADEB16334}.Debug|Mixed Platforms.ActiveCfg = Debug|Any CPU
		{C4CD1C4F-9E7D-4DE6-BD97-EDAADEB16334}.Debug|Mixed Platforms.Build.0 = Debug|Any CPU
		{C4CD1C4F-9E7D-4DE6-BD97-EDAADEB16334}.Debug|x86.ActiveCfg = Debug|Any CPU
		{C4CD1C4F-9E7D-4DE6-BD97-EDAADEB16334}.Release|Any CPU.ActiveCfg = Release|Any CPU
		{C4CD1C4F-9E7D-4DE6-BD97-EDAADEB16334}.Release|Any CPU.Build.0 = Release|Any CPU
		{C4CD1C4F-9E7D-4DE6-BD97-EDAADEB16334}.Release|Mixed Platforms.ActiveCfg = Release|Any CPU
		{C4CD1C4F-9E7D-4DE6-BD97-EDAADEB16334}.Release|Mixed Platforms.Build.0 = Release|Any CPU
		{C4CD1C4F-9E7D-4DE6-BD97-EDAADEB16334}.Release|x86.ActiveCfg = Release|Any CPU
		{19CCD2BA-6C1F-4C01-951F-5F5B955A2490}.Debug|Any CPU.ActiveCfg = Debug|Any CPU
		{19CCD2BA-6C1F-4C01-951F-5F5B955A2490}.Debug|Any CPU.Build.0 = Debug|Any CPU
		{19CCD2BA-6C1F-4C01-951F-5F5B955A2490}.Debug|Mixed Platforms.ActiveCfg = Debug|Any CPU
		{19CCD2BA-6C1F-4C01-951F-5F5B955A2490}.Debug|Mixed Platforms.Build.0 = Debug|Any CPU
		{19CCD2BA-6C1F-4C01-951F-5F5B955A2490}.Debug|x86.ActiveCfg = Debug|Any CPU
		{19CCD2BA-6C1F-4C01-951F-5F5B955A2490}.Release|Any CPU.ActiveCfg = Release|Any CPU
		{19CCD2BA-6C1F-4C01-951F-5F5B955A2490}.Release|Any CPU.Build.0 = Release|Any CPU
		{19CCD2BA-6C1F-4C01-951F-5F5B955A2490}.Release|Mixed Platforms.ActiveCfg = Release|Any CPU
		{19CCD2BA-6C1F-4C01-951F-5F5B955A2490}.Release|Mixed Platforms.Build.0 = Release|Any CPU
		{19CCD2BA-6C1F-4C01-951F-5F5B955A2490}.Release|x86.ActiveCfg = Release|Any CPU
		{EF11AAB8-A592-413A-8F2D-385587359B0B}.Debug|Any CPU.ActiveCfg = Debug|Any CPU
		{EF11AAB8-A592-413A-8F2D-385587359B0B}.Debug|Any CPU.Build.0 = Debug|Any CPU
		{EF11AAB8-A592-413A-8F2D-385587359B0B}.Debug|Mixed Platforms.ActiveCfg = Debug|Any CPU
		{EF11AAB8-A592-413A-8F2D-385587359B0B}.Debug|Mixed Platforms.Build.0 = Debug|Any CPU
		{EF11AAB8-A592-413A-8F2D-385587359B0B}.Debug|x86.ActiveCfg = Debug|Any CPU
		{EF11AAB8-A592-413A-8F2D-385587359B0B}.Release|Any CPU.ActiveCfg = Release|Any CPU
		{EF11AAB8-A592-413A-8F2D-385587359B0B}.Release|Any CPU.Build.0 = Release|Any CPU
		{EF11AAB8-A592-413A-8F2D-385587359B0B}.Release|Mixed Platforms.ActiveCfg = Release|Any CPU
		{EF11AAB8-A592-413A-8F2D-385587359B0B}.Release|Mixed Platforms.Build.0 = Release|Any CPU
		{EF11AAB8-A592-413A-8F2D-385587359B0B}.Release|x86.ActiveCfg = Release|Any CPU
	EndGlobalSection
	GlobalSection(SolutionProperties) = preSolution
		HideSolutionNode = FALSE
	EndGlobalSection
	GlobalSection(NestedProjects) = preSolution
		{19439F8E-6E33-4494-BB4A-A8FE7FFD22C8} = {DF831668-2B48-42C8-8FBC-4EBE7995A51D}
		{C73AAA10-064A-4C72-A2D9-6CF1F0EB035A} = {42253E36-A5CF-40DC-BDF2-7688746DACC5}
		{C4CD1C4F-9E7D-4DE6-BD97-EDAADEB16334} = {42253E36-A5CF-40DC-BDF2-7688746DACC5}
		{19CCD2BA-6C1F-4C01-951F-5F5B955A2490} = {42253E36-A5CF-40DC-BDF2-7688746DACC5}
		{EF11AAB8-A592-413A-8F2D-385587359B0B} = {42253E36-A5CF-40DC-BDF2-7688746DACC5}
		{4C6F894E-CFDA-46B8-B14C-4E87252CC3D4} = {3D26BC7F-7DAE-42A8-8663-450004D494A2}
	EndGlobalSection
EndGlobal
